
Microsoft Visual Studio Solution File, Format Version 12.00
# Visual Studio Version 16
VisualStudioVersion = 16.0.31702.278
MinimumVisualStudioVersion = 10.0.40219.1
Project("{8BC9CEB8-8B4A-11D0-8D11-00A0C91BC942}") = "temaMatriceSDD", "temaMatriceSDD.vcxproj", "{549A79B3-6A4C-4CAA-9A26-76E339206C71}"
EndProject
Global
	GlobalSection(SolutionConfigurationPlatforms) = preSolution
		Debug|x64 = Debug|x64
		Debug|x86 = Debug|x86
		Release|x64 = Release|x64
		Release|x86 = Release|x86
	EndGlobalSection
	GlobalSection(ProjectConfigurationPlatforms) = postSolution
		{549A79B3-6A4C-4CAA-9A26-76E339206C71}.Debug|x64.ActiveCfg = Debug|x64
		{549A79B3-6A4C-4CAA-9A26-76E339206C71}.Debug|x64.Build.0 = Debug|x64
		{549A79B3-6A4C-4CAA-9A26-76E339206C71}.Debug|x86.ActiveCfg = Debug|Win32
		{549A79B3-6A4C-4CAA-9A26-76E339206C71}.Debug|x86.Build.0 = Debug|Win32
		{549A79B3-6A4C-4CAA-9A26-76E339206C71}.Release|x64.ActiveCfg = Release|x64
		{549A79B3-6A4C-4CAA-9A26-76E339206C71}.Release|x64.Build.0 = Release|x64
		{549A79B3-6A4C-4CAA-9A26-76E339206C71}.Release|x86.ActiveCfg = Release|Win32
		{549A79B3-6A4C-4CAA-9A26-76E339206C71}.Release|x86.Build.0 = Release|Win32
	EndGlobalSection
	GlobalSection(SolutionProperties) = preSolution
		HideSolutionNode = FALSE
	EndGlobalSection
	GlobalSection(ExtensibilityGlobals) = postSolution
		SolutionGuid = {32CB14E1-5F32-43F3-B2E1-522E3A6A8BB2}
	EndGlobalSection
EndGlobal
